{
  "version": 4,
  "terraform_version": "1.7.3",
  "serial": 14,
  "lineage": "b1cfd880-aaa2-5f62-5209-26bb4c7ed700",
  "outputs": {
    "key_data": {
      "value": "ssh-rsa AAAAB3NzaC1yc2EAAAADAQABAAABgQDxEPfZ6NbY/fqSCiFpo13DGVJEYTyVGkD0h0+02sRVQD0fQwh98mMBvTcUPGknT14PxYsvtHffWjlFWiRmfCo9+WBxDb+7MJzV7sI3F9pGDFgfdyra/4c3dGlGRQ3sbjMe5xZ1vrEc7IgWoRlfLGEXr4tw4zdTd5e1a17vXDY/RjiTAbZCCClGPYotbvjIY+ClNNRuyfRokkj3vZJHcbaTHx8EQqEr+auKofEb5FTdeNN30k+8+ZVgHD+fPZyWtnMaaMCpO9vdMnS0UytGossh15ehkzY/pVNgb1mvI9ve+0GYO0ycfJJVh3+GzJ0wcmJOSE7K/OOnRxZrI+TR6KT+1FOIGrFuiA8lch03+Q/mNriV3wrhC1tbTXUkIOkxbxGpai+NC8MTqiY2F18RqdkzAUbGdglS+HajWDQLpdGe3/VPampB3fuMxhc8UwNs3bt4oZz3SxryfQzhrBkxNRdvQJ3c59KMzzSTaPEHzo5sdz97nYoA3swurYXc2/2XzUU= generated-by-azure",
      "type": "string"
    },
    "public_ip_address": {
      "value": "52.190.9.253",
      "type": "string"
    },
    "resource_group_name": {
      "value": "rg-touched-hound",
      "type": "string"
    }
  },
  "resources": [
    {
      "mode": "managed",
      "type": "azapi_resource",
      "name": "ssh_public_key",
      "provider": "provider[\"registry.terraform.io/azure/azapi\"]",
      "instances": [
        {
          "schema_version": 0,
          "attributes": {
            "body": "{}",
            "id": "/subscriptions/100a15ea-111a-4746-8e16-6d9f867f0ba1/resourceGroups/rg-touched-hound/providers/Microsoft.Compute/sshPublicKeys/sshwiseturtle",
            "identity": [],
            "ignore_body_changes": null,
            "ignore_casing": false,
            "ignore_missing_property": true,
            "location": "eastus",
            "locks": null,
            "name": "sshwiseturtle",
            "output": "{}",
            "parent_id": "/subscriptions/100a15ea-111a-4746-8e16-6d9f867f0ba1/resourceGroups/rg-touched-hound",
            "removing_special_chars": false,
            "response_export_values": null,
            "schema_validation_enabled": true,
            "tags": {},
            "timeouts": null,
            "type": "Microsoft.Compute/sshPublicKeys@2022-11-01"
          },
          "sensitive_attributes": [],
          "private": "eyJlMmJmYjczMC1lY2FhLTExZTYtOGY4OC0zNDM2M2JjN2M0YzAiOnsiY3JlYXRlIjoxODAwMDAwMDAwMDAwLCJkZWxldGUiOjE4MDAwMDAwMDAwMDAsInJlYWQiOjMwMDAwMDAwMDAwMCwidXBkYXRlIjoxODAwMDAwMDAwMDAwfX0=",
          "dependencies": [
            "azurerm_resource_group.rg",
            "random_pet.rg_name",
            "random_pet.ssh_key_name"
          ]
        }
      ]
    },
    {
      "mode": "managed",
      "type": "azapi_resource_action",
      "name": "ssh_public_key_gen",
      "provider": "provider[\"registry.terraform.io/azure/azapi\"]",
      "instances": [
        {
          "schema_version": 0,
          "attributes": {
            "action": "generateKeyPair",
            "body": null,
            "id": "/subscriptions/100a15ea-111a-4746-8e16-6d9f867f0ba1/resourceGroups/rg-touched-hound/providers/Microsoft.Compute/sshPublicKeys/sshwiseturtle/generateKeyPair",
            "locks": null,
            "method": "POST",
            "output": "{\"privateKey\":\"-----BEGIN RSA PRIVATE KEY-----\\r\\nMIIG5QIBAAKCAYEA8RD32ejW2P36kgohaaNdwxlSRGE8lRpA9IdPtNrEVUA9H0MI\\r\\nffJjAb03FDxpJ09eD8WLL7R331o5RVokZnwqPflgcQ2/uzCc1e7CNxfaRgxYH3cq\\r\\n2v+HN3RpRkUN7G4zHucWdb6xHOyIFqEZXyxhF6+LcOM3U3eXtWte71w2P0Y4kwG2\\r\\nQggpRj2KLW74yGPgpTTUbsn0aJJI972SR3G2kx8fBEKhK/mriqHxG+RU3XjTd9JP\\r\\nvPmVYBw/nz2clrZzGmjAqTvb3TJ0tFMrRqLLIdeXoZM2P6VTYG9ZryPb3vtBmDtM\\r\\nnHySVYd/hsydMHJiTkhOyvzjp0cWayPk0eik/tRTiBqxbogPJXIdN/kP5ja4ld8K\\r\\n4QtbW011JCDpMW8RqWovjQvDE6omNhdfEanZMwFGxnYJUvh2o1g0C6XRnt/1T2pq\\r\\nQd37jMYXPFMDbN27eKGc90sa8n0M4awZMTUXb0Cd3OfSjM80k2jxB86ObHc/e52K\\r\\nAN7MLq2F3Nv9l81FAgMBAAECggGBAJ8Fcnps/k1mPUTZKfFlsxRgP8Sb4Dr7dp3Y\\r\\nJNxI8/rIxYk5zwBGRMmA6DSRJUypLoN47LgrdGgCPIVjUV/JyJPZTaVGTJRPHSaC\\r\\nudteAL70pa0cD0koByqtwER6iRTOHSrlhgtmH6/U2HEVFIeT3vig9HsjZ/vHiGxE\\r\\nx/td+OsEh41yM6ibeZ68Ocp+yd5nBGn2z6vFzVSuKzRB+ZznhmjGvs8wpOE9ccuh\\r\\nyEt98/2lFtqUAcXHXqJoABArtIA3Ga8msdBsEjHnkLIbiUHiPqCLA1obToz2WcqR\\r\\nrGGa6w1faUOuCKqTgU3Zh6rWc5X9DIEpsdegJ+NkHES7jk/MNFfn99KAPWutAIOd\\r\\n/ckr1CHMjOdskZY+Ybz8BUAcFDi5WYtPrC6K3z/j/bCF+EZfStSt3j1w1w4ml/rm\\r\\nD4wlNm32QjYhW6nQUic9GENqTWfMnhoryGS09TI2Hc+dPWxF1u3i4Q2Jb+T4lFDn\\r\\nP/GGrWCK7Uwbq/R6SPJ+55iVDPwKgQKBwQD0YKxI1ySi1LEk7iKY99bhljpf8MJ9\\r\\nlGpmAchZa49AOg+yAVTU3DApYf+9nKlRbXHKzuwBiY7iYFTJLJKtsC6Q5avjCRJg\\r\\n0WGDbcGQL/YNbc25yY43NRd+LppuWn12nix4zEWhKzVZpW6OW0QTKJW9m8HQqE6/\\r\\nzR2T1SZPLPhTHIdKvI80Ny91+2V6o/sLUgr2ozkt2R7b4sOPV02iUxqzJbKvuweD\\r\\nR9rDGxiw8jEK81sdJqWQdhQ+hkFPxpMp7h8CgcEA/If6qJnyXFJhECzIdPFAaL+7\\r\\nBfQSH0QIPQ9x9Hf8y8qJC8v9sp2pCI2XQbawVt4UVm8KeiMuF6McWH4f3A7AHczV\\r\\nJ6yHfIDKhr1KjxhSzWlT6HB7swcC5XiotTLgtf+XSD+ZNaQ24Hcu6XdEzFcYU4Vu\\r\\nWA8rtLkMsAVcRDaDJ37tqSJ5x3g07TQNp+XikMONyoJy2TBEnsdKPDC3CXaHIndN\\r\\nC5LA6LJnlxrFz+e9mUVHVeJhN4Z7y1iR6cOF/lAbAoHAVozil82yyQTBVI4OrNSi\\r\\nQzU8qXwQtf9Zi5U4CwuAKcQmiOnVzKnLWOy/cb1JbnBvq9+LUKQSefSaMsHZlTBf\\r\\n3auqK/erjaS6f5zgwBtsbqckBJfxCXaBQoxo34qnAtrUb1gRlRpDg+OGe16xhoOK\\r\\nPSQsCaWCdoXD4vbL4aDQtkbVV8/efCTLZ2LJNx1arVC6V03J04YhWsk+b8cA1OvP\\r\\n+gDw/zIjYAiT3yP6o7izS+iSrYlhe/+F/fr4qLNwrZoLAoHBAKeTEGmLZsGOxOw3\\r\\n23mGkggwmsmzkcb/nTvvoN3qNW2CY/jZD+vUJVQQqTupIFE0o2hL3Tb5W1/CFFBA\\r\\nuaGMhD4CK7xdB7c9u6c3u19Dc8btSwnmgp9lWq2tqL49GdKL3fbKhT+MTgIb9Jxm\\r\\nUdgLP5BE7dkvkAAn/9xaYkS9q8CswMbIoukTwoNZVGqC6RrJObEVaWLoXdDDTGau\\r\\nqPd1mOztH8o7QxnnMUibMoLpM+6eg1zhkUOIUWO5zXHDFoqQ2wKBwQCpi7EXThMq\\r\\n0/XwKVz7aH1AHVCJnnZIe/NgCcLiI4+zTI75LkLd/zVf2FiGFR+73R/TMC+sM/l+\\r\\n9kYRphUEgwMfJt19ootmRG2AOr+xWByUA4WNc+v2HqqAfh63UHgrOxClTez0iis1\\r\\nC4K28QeRFPlvQ4wVxB5jJUWrkBBqgO53D4g2CYclLdShdks2/zzjM6thzgyc221+\\r\\nO+85jgPkdxdT1VlXL0kenlBDvpnSOVhF48fku1LSh5WLZWktsQ8K5GM=\\r\\n-----END RSA PRIVATE KEY-----\\r\\n\",\"publicKey\":\"ssh-rsa AAAAB3NzaC1yc2EAAAADAQABAAABgQDxEPfZ6NbY/fqSCiFpo13DGVJEYTyVGkD0h0+02sRVQD0fQwh98mMBvTcUPGknT14PxYsvtHffWjlFWiRmfCo9+WBxDb+7MJzV7sI3F9pGDFgfdyra/4c3dGlGRQ3sbjMe5xZ1vrEc7IgWoRlfLGEXr4tw4zdTd5e1a17vXDY/RjiTAbZCCClGPYotbvjIY+ClNNRuyfRokkj3vZJHcbaTHx8EQqEr+auKofEb5FTdeNN30k+8+ZVgHD+fPZyWtnMaaMCpO9vdMnS0UytGossh15ehkzY/pVNgb1mvI9ve+0GYO0ycfJJVh3+GzJ0wcmJOSE7K/OOnRxZrI+TR6KT+1FOIGrFuiA8lch03+Q/mNriV3wrhC1tbTXUkIOkxbxGpai+NC8MTqiY2F18RqdkzAUbGdglS+HajWDQLpdGe3/VPampB3fuMxhc8UwNs3bt4oZz3SxryfQzhrBkxNRdvQJ3c59KMzzSTaPEHzo5sdz97nYoA3swurYXc2/2XzUU= generated-by-azure\"}",
            "resource_id": "/subscriptions/100a15ea-111a-4746-8e16-6d9f867f0ba1/resourceGroups/rg-touched-hound/providers/Microsoft.Compute/sshPublicKeys/sshwiseturtle",
            "response_export_values": [
              "publicKey",
              "privateKey"
            ],
            "timeouts": null,
            "type": "Microsoft.Compute/sshPublicKeys@2022-11-01",
            "when": "apply"
          },
          "sensitive_attributes": [],
          "private": "eyJlMmJmYjczMC1lY2FhLTExZTYtOGY4OC0zNDM2M2JjN2M0YzAiOnsiY3JlYXRlIjoxODAwMDAwMDAwMDAwLCJkZWxldGUiOjE4MDAwMDAwMDAwMDAsInJlYWQiOjMwMDAwMDAwMDAwMCwidXBkYXRlIjoxODAwMDAwMDAwMDAwfX0=",
          "dependencies": [
            "azapi_resource.ssh_public_key",
            "azurerm_resource_group.rg",
            "random_pet.rg_name",
            "random_pet.ssh_key_name"
          ]
        }
      ]
    },
    {
      "mode": "managed",
      "type": "azurerm_linux_virtual_machine",
      "name": "my_terraform_vm",
      "provider": "provider[\"registry.terraform.io/hashicorp/azurerm\"]",
      "instances": [
        {
          "schema_version": 0,
          "attributes": {
            "additional_capabilities": [],
            "admin_password": null,
            "admin_ssh_key": [
              {
                "public_key": "ssh-rsa AAAAB3NzaC1yc2EAAAADAQABAAABgQDxEPfZ6NbY/fqSCiFpo13DGVJEYTyVGkD0h0+02sRVQD0fQwh98mMBvTcUPGknT14PxYsvtHffWjlFWiRmfCo9+WBxDb+7MJzV7sI3F9pGDFgfdyra/4c3dGlGRQ3sbjMe5xZ1vrEc7IgWoRlfLGEXr4tw4zdTd5e1a17vXDY/RjiTAbZCCClGPYotbvjIY+ClNNRuyfRokkj3vZJHcbaTHx8EQqEr+auKofEb5FTdeNN30k+8+ZVgHD+fPZyWtnMaaMCpO9vdMnS0UytGossh15ehkzY/pVNgb1mvI9ve+0GYO0ycfJJVh3+GzJ0wcmJOSE7K/OOnRxZrI+TR6KT+1FOIGrFuiA8lch03+Q/mNriV3wrhC1tbTXUkIOkxbxGpai+NC8MTqiY2F18RqdkzAUbGdglS+HajWDQLpdGe3/VPampB3fuMxhc8UwNs3bt4oZz3SxryfQzhrBkxNRdvQJ3c59KMzzSTaPEHzo5sdz97nYoA3swurYXc2/2XzUU= generated-by-azure",
                "username": "azureadmin"
              }
            ],
            "admin_username": "azureadmin",
            "allow_extension_operations": true,
            "availability_set_id": "",
            "boot_diagnostics": [
              {
                "storage_account_uri": "https://diagea88c8a627e0486a.blob.core.windows.net/"
              }
            ],
            "computer_name": "hostname",
            "custom_data": null,
            "dedicated_host_group_id": "",
            "dedicated_host_id": "",
            "disable_password_authentication": true,
            "encryption_at_host_enabled": false,
            "eviction_policy": "",
            "extensions_time_budget": "PT1H30M",
            "id": "/subscriptions/100a15ea-111a-4746-8e16-6d9f867f0ba1/resourceGroups/rg-touched-hound/providers/Microsoft.Compute/virtualMachines/myVM",
            "identity": [],
            "license_type": "",
            "location": "eastus",
            "max_bid_price": -1,
            "name": "myVM",
            "network_interface_ids": [
              "/subscriptions/100a15ea-111a-4746-8e16-6d9f867f0ba1/resourceGroups/rg-touched-hound/providers/Microsoft.Network/networkInterfaces/myNIC"
            ],
            "os_disk": [
              {
                "caching": "ReadWrite",
                "diff_disk_settings": [],
                "disk_encryption_set_id": "",
                "disk_size_gb": 30,
                "name": "myOsDisk",
                "storage_account_type": "Premium_LRS",
                "write_accelerator_enabled": false
              }
            ],
            "patch_mode": "ImageDefault",
            "plan": [],
            "platform_fault_domain": -1,
            "priority": "Regular",
            "private_ip_address": "10.0.1.4",
            "private_ip_addresses": [
              "10.0.1.4"
            ],
            "provision_vm_agent": true,
            "proximity_placement_group_id": "",
            "public_ip_address": "52.190.9.253",
            "public_ip_addresses": [
              "52.190.9.253"
            ],
            "resource_group_name": "rg-touched-hound",
            "secret": [],
            "secure_boot_enabled": false,
            "size": "Standard_DS1_v2",
            "source_image_id": "",
            "source_image_reference": [
              {
                "offer": "0001-com-ubuntu-server-jammy",
                "publisher": "Canonical",
                "sku": "22_04-lts-gen2",
                "version": "latest"
              }
            ],
            "tags": null,
            "timeouts": null,
            "user_data": "",
            "virtual_machine_id": "3b722e5e-42cc-40aa-a0e6-463224b69661",
            "virtual_machine_scale_set_id": "",
            "vtpm_enabled": false,
            "zone": ""
          },
          "sensitive_attributes": [],
          "private": "eyJlMmJmYjczMC1lY2FhLTExZTYtOGY4OC0zNDM2M2JjN2M0YzAiOnsiY3JlYXRlIjoyNzAwMDAwMDAwMDAwLCJkZWxldGUiOjI3MDAwMDAwMDAwMDAsInJlYWQiOjMwMDAwMDAwMDAwMCwidXBkYXRlIjoyNzAwMDAwMDAwMDAwfX0=",
          "dependencies": [
            "azapi_resource.ssh_public_key",
            "azapi_resource_action.ssh_public_key_gen",
            "azurerm_network_interface.my_terraform_nic",
            "azurerm_public_ip.my_terraform_public_ip",
            "azurerm_resource_group.rg",
            "azurerm_storage_account.my_storage_account",
            "azurerm_subnet.my_terraform_subnet",
            "azurerm_virtual_network.my_terraform_network",
            "random_id.random_id",
            "random_pet.rg_name",
            "random_pet.ssh_key_name"
          ]
        }
      ]
    },
    {
      "mode": "managed",
      "type": "azurerm_network_interface",
      "name": "my_terraform_nic",
      "provider": "provider[\"registry.terraform.io/hashicorp/azurerm\"]",
      "instances": [
        {
          "schema_version": 0,
          "attributes": {
            "applied_dns_servers": [],
            "dns_servers": [],
            "enable_accelerated_networking": false,
            "enable_ip_forwarding": false,
            "id": "/subscriptions/100a15ea-111a-4746-8e16-6d9f867f0ba1/resourceGroups/rg-touched-hound/providers/Microsoft.Network/networkInterfaces/myNIC",
            "internal_dns_name_label": "",
            "internal_domain_name_suffix": "1tyagalyyy2uhimwx2olfqaypc.bx.internal.cloudapp.net",
            "ip_configuration": [
              {
                "gateway_load_balancer_frontend_ip_configuration_id": "",
                "name": "my_nic_configuration",
                "primary": true,
                "private_ip_address": "10.0.1.4",
                "private_ip_address_allocation": "Dynamic",
                "private_ip_address_version": "IPv4",
                "public_ip_address_id": "/subscriptions/100a15ea-111a-4746-8e16-6d9f867f0ba1/resourceGroups/rg-touched-hound/providers/Microsoft.Network/publicIPAddresses/myPublicIP",
                "subnet_id": "/subscriptions/100a15ea-111a-4746-8e16-6d9f867f0ba1/resourceGroups/rg-touched-hound/providers/Microsoft.Network/virtualNetworks/myVnet/subnets/mySubnet"
              }
            ],
            "location": "eastus",
            "mac_address": "",
            "name": "myNIC",
            "private_ip_address": "10.0.1.4",
            "private_ip_addresses": [
              "10.0.1.4"
            ],
            "resource_group_name": "rg-touched-hound",
            "tags": null,
            "timeouts": null,
            "virtual_machine_id": ""
          },
          "sensitive_attributes": [],
          "private": "eyJlMmJmYjczMC1lY2FhLTExZTYtOGY4OC0zNDM2M2JjN2M0YzAiOnsiY3JlYXRlIjoxODAwMDAwMDAwMDAwLCJkZWxldGUiOjE4MDAwMDAwMDAwMDAsInJlYWQiOjMwMDAwMDAwMDAwMCwidXBkYXRlIjoxODAwMDAwMDAwMDAwfX0=",
          "dependencies": [
            "azurerm_public_ip.my_terraform_public_ip",
            "azurerm_resource_group.rg",
            "azurerm_subnet.my_terraform_subnet",
            "azurerm_virtual_network.my_terraform_network",
            "random_pet.rg_name"
          ]
        }
      ]
    },
    {
      "mode": "managed",
      "type": "azurerm_network_interface_security_group_association",
      "name": "example",
      "provider": "provider[\"registry.terraform.io/hashicorp/azurerm\"]",
      "instances": [
        {
          "schema_version": 0,
          "attributes": {
            "id": "/subscriptions/100a15ea-111a-4746-8e16-6d9f867f0ba1/resourceGroups/rg-touched-hound/providers/Microsoft.Network/networkInterfaces/myNIC|/subscriptions/100a15ea-111a-4746-8e16-6d9f867f0ba1/resourceGroups/rg-touched-hound/providers/Microsoft.Network/networkSecurityGroups/myNetworkSecurityGroup",
            "network_interface_id": "/subscriptions/100a15ea-111a-4746-8e16-6d9f867f0ba1/resourceGroups/rg-touched-hound/providers/Microsoft.Network/networkInterfaces/myNIC",
            "network_security_group_id": "/subscriptions/100a15ea-111a-4746-8e16-6d9f867f0ba1/resourceGroups/rg-touched-hound/providers/Microsoft.Network/networkSecurityGroups/myNetworkSecurityGroup",
            "timeouts": null
          },
          "sensitive_attributes": [],
          "private": "eyJlMmJmYjczMC1lY2FhLTExZTYtOGY4OC0zNDM2M2JjN2M0YzAiOnsiY3JlYXRlIjoxODAwMDAwMDAwMDAwLCJkZWxldGUiOjE4MDAwMDAwMDAwMDAsInJlYWQiOjMwMDAwMDAwMDAwMCwidXBkYXRlIjoxODAwMDAwMDAwMDAwfX0=",
          "dependencies": [
            "azurerm_network_interface.my_terraform_nic",
            "azurerm_network_security_group.my_terraform_nsg",
            "azurerm_public_ip.my_terraform_public_ip",
            "azurerm_resource_group.rg",
            "azurerm_subnet.my_terraform_subnet",
            "azurerm_virtual_network.my_terraform_network",
            "random_pet.rg_name"
          ]
        }
      ]
    },
    {
      "mode": "managed",
      "type": "azurerm_network_security_group",
      "name": "my_terraform_nsg",
      "provider": "provider[\"registry.terraform.io/hashicorp/azurerm\"]",
      "instances": [
        {
          "schema_version": 0,
          "attributes": {
            "id": "/subscriptions/100a15ea-111a-4746-8e16-6d9f867f0ba1/resourceGroups/rg-touched-hound/providers/Microsoft.Network/networkSecurityGroups/myNetworkSecurityGroup",
            "location": "eastus",
            "name": "myNetworkSecurityGroup",
            "resource_group_name": "rg-touched-hound",
            "security_rule": [
              {
                "access": "Allow",
                "description": "",
                "destination_address_prefix": "*",
                "destination_address_prefixes": [],
                "destination_application_security_group_ids": [],
                "destination_port_range": "22",
                "destination_port_ranges": [],
                "direction": "Inbound",
                "name": "SSH",
                "priority": 1001,
                "protocol": "Tcp",
                "source_address_prefix": "*",
                "source_address_prefixes": [],
                "source_application_security_group_ids": [],
                "source_port_range": "*",
                "source_port_ranges": []
              }
            ],
            "tags": null,
            "timeouts": null
          },
          "sensitive_attributes": [],
          "private": "eyJlMmJmYjczMC1lY2FhLTExZTYtOGY4OC0zNDM2M2JjN2M0YzAiOnsiY3JlYXRlIjoxODAwMDAwMDAwMDAwLCJkZWxldGUiOjE4MDAwMDAwMDAwMDAsInJlYWQiOjMwMDAwMDAwMDAwMCwidXBkYXRlIjoxODAwMDAwMDAwMDAwfX0=",
          "dependencies": [
            "azurerm_resource_group.rg",
            "random_pet.rg_name"
          ]
        }
      ]
    },
    {
      "mode": "managed",
      "type": "azurerm_public_ip",
      "name": "my_terraform_public_ip",
      "provider": "provider[\"registry.terraform.io/hashicorp/azurerm\"]",
      "instances": [
        {
          "schema_version": 0,
          "attributes": {
            "allocation_method": "Dynamic",
            "availability_zone": "No-Zone",
            "domain_name_label": null,
            "fqdn": null,
            "id": "/subscriptions/100a15ea-111a-4746-8e16-6d9f867f0ba1/resourceGroups/rg-touched-hound/providers/Microsoft.Network/publicIPAddresses/myPublicIP",
            "idle_timeout_in_minutes": 4,
            "ip_address": "",
            "ip_tags": null,
            "ip_version": "IPv4",
            "location": "eastus",
            "name": "myPublicIP",
            "public_ip_prefix_id": null,
            "resource_group_name": "rg-touched-hound",
            "reverse_fqdn": null,
            "sku": "Basic",
            "sku_tier": "Regional",
            "tags": null,
            "timeouts": null,
            "zones": []
          },
          "sensitive_attributes": [],
          "private": "eyJlMmJmYjczMC1lY2FhLTExZTYtOGY4OC0zNDM2M2JjN2M0YzAiOnsiY3JlYXRlIjoxODAwMDAwMDAwMDAwLCJkZWxldGUiOjE4MDAwMDAwMDAwMDAsInJlYWQiOjMwMDAwMDAwMDAwMCwidXBkYXRlIjoxODAwMDAwMDAwMDAwfX0=",
          "dependencies": [
            "azurerm_resource_group.rg",
            "random_pet.rg_name"
          ]
        }
      ]
    },
    {
      "mode": "managed",
      "type": "azurerm_resource_group",
      "name": "rg",
      "provider": "provider[\"registry.terraform.io/hashicorp/azurerm\"]",
      "instances": [
        {
          "schema_version": 0,
          "attributes": {
            "id": "/subscriptions/100a15ea-111a-4746-8e16-6d9f867f0ba1/resourceGroups/rg-touched-hound",
            "location": "eastus",
            "name": "rg-touched-hound",
            "tags": null,
            "timeouts": null
          },
          "sensitive_attributes": [],
          "private": "eyJlMmJmYjczMC1lY2FhLTExZTYtOGY4OC0zNDM2M2JjN2M0YzAiOnsiY3JlYXRlIjo1NDAwMDAwMDAwMDAwLCJkZWxldGUiOjU0MDAwMDAwMDAwMDAsInJlYWQiOjMwMDAwMDAwMDAwMCwidXBkYXRlIjo1NDAwMDAwMDAwMDAwfX0=",
          "dependencies": [
            "random_pet.rg_name"
          ]
        }
      ]
    },
    {
      "mode": "managed",
      "type": "azurerm_storage_account",
      "name": "my_storage_account",
      "provider": "provider[\"registry.terraform.io/hashicorp/azurerm\"]",
      "instances": [
        {
          "schema_version": 2,
          "attributes": {
            "access_tier": "Hot",
            "account_kind": "StorageV2",
            "account_replication_type": "LRS",
            "account_tier": "Standard",
            "allow_blob_public_access": false,
            "azure_files_authentication": [],
            "blob_properties": [
              {
                "change_feed_enabled": false,
                "container_delete_retention_policy": [],
                "cors_rule": [],
                "default_service_version": "",
                "delete_retention_policy": [],
                "last_access_time_enabled": false,
                "versioning_enabled": false
              }
            ],
            "custom_domain": [],
            "customer_managed_key": [],
            "enable_https_traffic_only": true,
            "id": "/subscriptions/100a15ea-111a-4746-8e16-6d9f867f0ba1/resourceGroups/rg-touched-hound/providers/Microsoft.Storage/storageAccounts/diagea88c8a627e0486a",
            "identity": [],
            "infrastructure_encryption_enabled": false,
            "is_hns_enabled": false,
            "large_file_share_enabled": null,
            "location": "eastus",
            "min_tls_version": "TLS1_0",
            "name": "diagea88c8a627e0486a",
            "network_rules": [
              {
                "bypass": [
                  "AzureServices"
                ],
                "default_action": "Allow",
                "ip_rules": [],
                "private_link_access": [],
                "virtual_network_subnet_ids": []
              }
            ],
            "nfsv3_enabled": false,
            "primary_access_key": "OXR5WQs4e8oCW4yDxNxXiiEbpbbDnTi/rWO1hYSVdWnIW1Fhe4QIThhqGT1RtQZQz/FO+nzF/FP5+ASt0syyUA==",
            "primary_blob_connection_string": "DefaultEndpointsProtocol=https;BlobEndpoint=https://diagea88c8a627e0486a.blob.core.windows.net/;AccountName=diagea88c8a627e0486a;AccountKey=OXR5WQs4e8oCW4yDxNxXiiEbpbbDnTi/rWO1hYSVdWnIW1Fhe4QIThhqGT1RtQZQz/FO+nzF/FP5+ASt0syyUA==",
            "primary_blob_endpoint": "https://diagea88c8a627e0486a.blob.core.windows.net/",
            "primary_blob_host": "diagea88c8a627e0486a.blob.core.windows.net",
            "primary_connection_string": "DefaultEndpointsProtocol=https;AccountName=diagea88c8a627e0486a;AccountKey=OXR5WQs4e8oCW4yDxNxXiiEbpbbDnTi/rWO1hYSVdWnIW1Fhe4QIThhqGT1RtQZQz/FO+nzF/FP5+ASt0syyUA==;EndpointSuffix=core.windows.net",
            "primary_dfs_endpoint": "https://diagea88c8a627e0486a.dfs.core.windows.net/",
            "primary_dfs_host": "diagea88c8a627e0486a.dfs.core.windows.net",
            "primary_file_endpoint": "https://diagea88c8a627e0486a.file.core.windows.net/",
            "primary_file_host": "diagea88c8a627e0486a.file.core.windows.net",
            "primary_location": "eastus",
            "primary_queue_endpoint": "https://diagea88c8a627e0486a.queue.core.windows.net/",
            "primary_queue_host": "diagea88c8a627e0486a.queue.core.windows.net",
            "primary_table_endpoint": "https://diagea88c8a627e0486a.table.core.windows.net/",
            "primary_table_host": "diagea88c8a627e0486a.table.core.windows.net",
            "primary_web_endpoint": "https://diagea88c8a627e0486a.z13.web.core.windows.net/",
            "primary_web_host": "diagea88c8a627e0486a.z13.web.core.windows.net",
            "queue_encryption_key_type": "Service",
            "queue_properties": [
              {
                "cors_rule": [],
                "hour_metrics": [
                  {
                    "enabled": true,
                    "include_apis": true,
                    "retention_policy_days": 7,
                    "version": "1.0"
                  }
                ],
                "logging": [
                  {
                    "delete": false,
                    "read": false,
                    "retention_policy_days": 0,
                    "version": "1.0",
                    "write": false
                  }
                ],
                "minute_metrics": [
                  {
                    "enabled": false,
                    "include_apis": false,
                    "retention_policy_days": 0,
                    "version": "1.0"
                  }
                ]
              }
            ],
            "resource_group_name": "rg-touched-hound",
            "routing": [],
            "secondary_access_key": "Vrnq+8VjhtvjzkpJbTMA3bjMlMUMCTY7ZYQ5yElIY7fObvJfjTG/hYogjB0xQNd9Q98PD1OYZPWy+AStUI+vGA==",
            "secondary_blob_connection_string": "",
            "secondary_blob_endpoint": null,
            "secondary_blob_host": null,
            "secondary_connection_string": "DefaultEndpointsProtocol=https;AccountName=diagea88c8a627e0486a;AccountKey=Vrnq+8VjhtvjzkpJbTMA3bjMlMUMCTY7ZYQ5yElIY7fObvJfjTG/hYogjB0xQNd9Q98PD1OYZPWy+AStUI+vGA==;EndpointSuffix=core.windows.net",
            "secondary_dfs_endpoint": null,
            "secondary_dfs_host": null,
            "secondary_file_endpoint": null,
            "secondary_file_host": null,
            "secondary_location": "",
            "secondary_queue_endpoint": null,
            "secondary_queue_host": null,
            "secondary_table_endpoint": null,
            "secondary_table_host": null,
            "secondary_web_endpoint": null,
            "secondary_web_host": null,
            "share_properties": [
              {
                "cors_rule": [],
                "retention_policy": [
                  {
                    "days": 7
                  }
                ],
                "smb": []
              }
            ],
            "shared_access_key_enabled": true,
            "static_website": [],
            "table_encryption_key_type": "Service",
            "tags": null,
            "timeouts": null
          },
          "sensitive_attributes": [],
          "private": "eyJlMmJmYjczMC1lY2FhLTExZTYtOGY4OC0zNDM2M2JjN2M0YzAiOnsiY3JlYXRlIjozNjAwMDAwMDAwMDAwLCJkZWxldGUiOjM2MDAwMDAwMDAwMDAsInJlYWQiOjMwMDAwMDAwMDAwMCwidXBkYXRlIjozNjAwMDAwMDAwMDAwfSwic2NoZW1hX3ZlcnNpb24iOiIyIn0=",
          "dependencies": [
            "azurerm_resource_group.rg",
            "random_id.random_id",
            "random_pet.rg_name"
          ]
        }
      ]
    },
    {
      "mode": "managed",
      "type": "azurerm_subnet",
      "name": "my_terraform_subnet",
      "provider": "provider[\"registry.terraform.io/hashicorp/azurerm\"]",
      "instances": [
        {
          "schema_version": 0,
          "attributes": {
            "address_prefix": "10.0.1.0/24",
            "address_prefixes": [
              "10.0.1.0/24"
            ],
            "delegation": [],
            "enforce_private_link_endpoint_network_policies": false,
            "enforce_private_link_service_network_policies": false,
            "id": "/subscriptions/100a15ea-111a-4746-8e16-6d9f867f0ba1/resourceGroups/rg-touched-hound/providers/Microsoft.Network/virtualNetworks/myVnet/subnets/mySubnet",
            "name": "mySubnet",
            "resource_group_name": "rg-touched-hound",
            "service_endpoint_policy_ids": null,
            "service_endpoints": null,
            "timeouts": null,
            "virtual_network_name": "myVnet"
          },
          "sensitive_attributes": [],
          "private": "eyJlMmJmYjczMC1lY2FhLTExZTYtOGY4OC0zNDM2M2JjN2M0YzAiOnsiY3JlYXRlIjoxODAwMDAwMDAwMDAwLCJkZWxldGUiOjE4MDAwMDAwMDAwMDAsInJlYWQiOjMwMDAwMDAwMDAwMCwidXBkYXRlIjoxODAwMDAwMDAwMDAwfX0=",
          "dependencies": [
            "azurerm_resource_group.rg",
            "azurerm_virtual_network.my_terraform_network",
            "random_pet.rg_name"
          ]
        }
      ]
    },
    {
      "mode": "managed",
      "type": "azurerm_virtual_network",
      "name": "my_terraform_network",
      "provider": "provider[\"registry.terraform.io/hashicorp/azurerm\"]",
      "instances": [
        {
          "schema_version": 0,
          "attributes": {
            "address_space": [
              "10.0.0.0/16"
            ],
            "bgp_community": "",
            "ddos_protection_plan": [],
            "dns_servers": [],
            "flow_timeout_in_minutes": 0,
            "guid": "0103f0dc-c678-4339-a196-bf1cb2c0187a",
            "id": "/subscriptions/100a15ea-111a-4746-8e16-6d9f867f0ba1/resourceGroups/rg-touched-hound/providers/Microsoft.Network/virtualNetworks/myVnet",
            "location": "eastus",
            "name": "myVnet",
            "resource_group_name": "rg-touched-hound",
            "subnet": [],
            "tags": null,
            "timeouts": null,
            "vm_protection_enabled": false
          },
          "sensitive_attributes": [],
          "private": "eyJlMmJmYjczMC1lY2FhLTExZTYtOGY4OC0zNDM2M2JjN2M0YzAiOnsiY3JlYXRlIjoxODAwMDAwMDAwMDAwLCJkZWxldGUiOjE4MDAwMDAwMDAwMDAsInJlYWQiOjMwMDAwMDAwMDAwMCwidXBkYXRlIjoxODAwMDAwMDAwMDAwfX0=",
          "dependencies": [
            "azurerm_resource_group.rg",
            "random_pet.rg_name"
          ]
        }
      ]
    },
    {
      "mode": "managed",
      "type": "random_id",
      "name": "random_id",
      "provider": "provider[\"registry.terraform.io/hashicorp/random\"]",
      "instances": [
        {
          "schema_version": 0,
          "attributes": {
            "b64_std": "6ojIpifgSGo=",
            "b64_url": "6ojIpifgSGo",
            "byte_length": 8,
            "dec": "16899978217666922602",
            "hex": "ea88c8a627e0486a",
            "id": "6ojIpifgSGo",
            "keepers": {
              "resource_group": "rg-touched-hound"
            },
            "prefix": null
          },
          "sensitive_attributes": [],
          "dependencies": [
            "azurerm_resource_group.rg",
            "random_pet.rg_name"
          ]
        }
      ]
    },
    {
      "mode": "managed",
      "type": "random_pet",
      "name": "rg_name",
      "provider": "provider[\"registry.terraform.io/hashicorp/random\"]",
      "instances": [
        {
          "schema_version": 0,
          "attributes": {
            "id": "rg-touched-hound",
            "keepers": null,
            "length": 2,
            "prefix": "rg",
            "separator": "-"
          },
          "sensitive_attributes": []
        }
      ]
    },
    {
      "mode": "managed",
      "type": "random_pet",
      "name": "ssh_key_name",
      "provider": "provider[\"registry.terraform.io/hashicorp/random\"]",
      "instances": [
        {
          "schema_version": 0,
          "attributes": {
            "id": "sshwiseturtle",
            "keepers": null,
            "length": 2,
            "prefix": "ssh",
            "separator": ""
          },
          "sensitive_attributes": []
        }
      ]
    }
  ],
  "check_results": null
}
