{
  "version": 4,
  "terraform_version": "1.7.3",
  "serial": 23,
  "lineage": "55526a32-59cf-6ce3-3be7-debc86378736",
  "outputs": {},
  "resources": [
    {
      "mode": "managed",
      "type": "azurerm_data_factory",
      "name": "example",
      "provider": "provider[\"registry.terraform.io/hashicorp/azurerm\"]",
      "instances": [
        {
          "schema_version": 1,
          "attributes": {
            "github_configuration": [],
            "id": "/subscriptions/100a15ea-111a-4746-8e16-6d9f867f0ba1/resourceGroups/mytg-rg/providers/Microsoft.DataFactory/factories/venkydatafactorydemooriginal",
            "identity": [],
            "location": "centralindia",
            "name": "venkydatafactorydemooriginal",
            "public_network_enabled": true,
            "resource_group_name": "mytg-rg",
            "tags": {
              "environment": "Production",
              "terraform": "terraform"
            },
            "timeouts": null,
            "vsts_configuration": []
          },
          "sensitive_attributes": [],
          "private": "eyJlMmJmYjczMC1lY2FhLTExZTYtOGY4OC0zNDM2M2JjN2M0YzAiOnsiY3JlYXRlIjoxODAwMDAwMDAwMDAwLCJkZWxldGUiOjE4MDAwMDAwMDAwMDAsInJlYWQiOjMwMDAwMDAwMDAwMCwidXBkYXRlIjoxODAwMDAwMDAwMDAwfSwic2NoZW1hX3ZlcnNpb24iOiIxIn0=",
          "dependencies": [
            "azurerm_resource_group.demo"
          ]
        }
      ]
    },
    {
      "mode": "managed",
      "type": "azurerm_data_factory_pipeline",
      "name": "example",
      "provider": "provider[\"registry.terraform.io/hashicorp/azurerm\"]",
      "instances": [
        {
          "schema_version": 0,
          "attributes": {
            "activities_json": null,
            "annotations": null,
            "data_factory_name": "venkydatafactorydemooriginal",
            "description": "",
            "id": "/subscriptions/100a15ea-111a-4746-8e16-6d9f867f0ba1/resourceGroups/mytg-rg/providers/Microsoft.DataFactory/factories/venkydatafactorydemooriginal/pipelines/mytg-data-pipeline",
            "name": "mytg-data-pipeline",
            "parameters": null,
            "resource_group_name": "mytg-rg",
            "timeouts": null,
            "variables": null
          },
          "sensitive_attributes": [],
          "private": "eyJlMmJmYjczMC1lY2FhLTExZTYtOGY4OC0zNDM2M2JjN2M0YzAiOnsiY3JlYXRlIjoxODAwMDAwMDAwMDAwLCJkZWxldGUiOjE4MDAwMDAwMDAwMDAsInJlYWQiOjMwMDAwMDAwMDAwMCwidXBkYXRlIjoxODAwMDAwMDAwMDAwfX0=",
          "dependencies": [
            "azurerm_data_factory.example",
            "azurerm_resource_group.demo"
          ]
        }
      ]
    },
    {
      "mode": "managed",
      "type": "azurerm_log_analytics_workspace",
      "name": "log",
      "provider": "provider[\"registry.terraform.io/hashicorp/azurerm\"]",
      "instances": [
        {
          "schema_version": 2,
          "attributes": {
            "daily_quota_gb": -1,
            "id": "/subscriptions/100a15ea-111a-4746-8e16-6d9f867f0ba1/resourceGroups/mytg-rg/providers/Microsoft.OperationalInsights/workspaces/acctest-01",
            "internet_ingestion_enabled": true,
            "internet_query_enabled": true,
            "location": "centralindia",
            "name": "acctest-01",
            "portal_url": "",
            "primary_shared_key": "A+cEGzVKYiw77EcovSRy+lfQaZSS4YLelvscK4pxv67wj3hwX59iZ6gZESkA2/yruE6fRm63xL2rxIy+HxFGIw==",
            "resource_group_name": "mytg-rg",
            "retention_in_days": 30,
            "secondary_shared_key": "lo8T9CguiG7i+2qVj2xgsYpB3K1BdyWBI1PXteSBK0BdHWAHu5T8MS2TD+HisNY6dfpfMA9J8fKgP1lUU1JUVg==",
            "sku": "PerGB2018",
            "tags": {},
            "timeouts": null,
            "workspace_id": "a974f2ca-fbab-491b-b9c1-082d4e78c1c3"
          },
          "sensitive_attributes": [],
          "private": "eyJlMmJmYjczMC1lY2FhLTExZTYtOGY4OC0zNDM2M2JjN2M0YzAiOnsiY3JlYXRlIjoxODAwMDAwMDAwMDAwLCJkZWxldGUiOjE4MDAwMDAwMDAwMDAsInJlYWQiOjMwMDAwMDAwMDAwMCwidXBkYXRlIjoxODAwMDAwMDAwMDAwfSwic2NoZW1hX3ZlcnNpb24iOiIyIn0=",
          "dependencies": [
            "azurerm_resource_group.demo"
          ]
        }
      ]
    },
    {
      "mode": "managed",
      "type": "azurerm_monitor_action_group",
      "name": "example",
      "provider": "provider[\"registry.terraform.io/hashicorp/azurerm\"]",
      "instances": [
        {
          "schema_version": 0,
          "attributes": {
            "arm_role_receiver": [],
            "automation_runbook_receiver": [],
            "azure_app_push_receiver": [],
            "azure_function_receiver": [],
            "email_receiver": [
              {
                "email_address": "venkatvenkysabareswar@gmail.com",
                "name": "sendtodevops",
                "use_common_alert_schema": true
              }
            ],
            "enabled": true,
            "id": "/subscriptions/100A15EA-111A-4746-8E16-6D9F867F0BA1/resourceGroups/mytg-rg/providers/microsoft.insights/actionGroups/CriticalAlertsAction",
            "itsm_receiver": [],
            "logic_app_receiver": [],
            "name": "CriticalAlertsAction",
            "resource_group_name": "mytg-rg",
            "short_name": "p0action",
            "sms_receiver": [],
            "tags": {},
            "timeouts": null,
            "voice_receiver": [],
            "webhook_receiver": []
          },
          "sensitive_attributes": [],
          "private": "eyJlMmJmYjczMC1lY2FhLTExZTYtOGY4OC0zNDM2M2JjN2M0YzAiOnsiY3JlYXRlIjoxODAwMDAwMDAwMDAwLCJkZWxldGUiOjE4MDAwMDAwMDAwMDAsInJlYWQiOjMwMDAwMDAwMDAwMCwidXBkYXRlIjoxODAwMDAwMDAwMDAwfX0=",
          "dependencies": [
            "azurerm_resource_group.demo"
          ]
        }
      ]
    },
    {
      "mode": "managed",
      "type": "azurerm_monitor_metric_alert",
      "name": "metric_alert",
      "provider": "provider[\"registry.terraform.io/hashicorp/azurerm\"]",
      "instances": [
        {
          "schema_version": 0,
          "attributes": {
            "action": [
              {
                "action_group_id": "/subscriptions/100A15EA-111A-4746-8E16-6D9F867F0BA1/resourceGroups/mytg-rg/providers/microsoft.insights/actionGroups/CriticalAlertsAction",
                "webhook_properties": {}
              }
            ],
            "application_insights_web_test_location_availability_criteria": [],
            "auto_mitigate": true,
            "criteria": [
              {
                "aggregation": "Total",
                "dimension": [],
                "metric_name": "Transactions",
                "metric_namespace": "Microsoft.Storage/storageAccounts",
                "operator": "GreaterThan",
                "threshold": 50
              }
            ],
            "description": "Action will be triggered when Transactions count is greater than 50.",
            "dynamic_criteria": [],
            "enabled": true,
            "frequency": "PT1M",
            "id": "/subscriptions/100a15ea-111a-4746-8e16-6d9f867f0ba1/resourceGroups/mytg-rg/providers/Microsoft.Insights/metricAlerts/metricalert",
            "name": "metricalert",
            "resource_group_name": "mytg-rg",
            "scopes": [
              "/subscriptions/100a15ea-111a-4746-8e16-6d9f867f0ba1/resourceGroups/mytg-rg/providers/Microsoft.Storage/storageAccounts/myvenkystorage"
            ],
            "severity": 3,
            "tags": {},
            "target_resource_location": "",
            "target_resource_type": "",
            "timeouts": null,
            "window_size": "PT5M"
          },
          "sensitive_attributes": [],
          "private": "eyJlMmJmYjczMC1lY2FhLTExZTYtOGY4OC0zNDM2M2JjN2M0YzAiOnsiY3JlYXRlIjoxODAwMDAwMDAwMDAwLCJkZWxldGUiOjE4MDAwMDAwMDAwMDAsInJlYWQiOjMwMDAwMDAwMDAwMCwidXBkYXRlIjoxODAwMDAwMDAwMDAwfX0=",
          "dependencies": [
            "azurerm_monitor_action_group.example",
            "azurerm_resource_group.demo",
            "azurerm_storage_account.example"
          ]
        }
      ]
    },
    {
      "mode": "managed",
      "type": "azurerm_network_security_group",
      "name": "example",
      "provider": "provider[\"registry.terraform.io/hashicorp/azurerm\"]",
      "instances": [
        {
          "schema_version": 0,
          "attributes": {
            "id": "/subscriptions/100a15ea-111a-4746-8e16-6d9f867f0ba1/resourceGroups/mytg-rg/providers/Microsoft.Network/networkSecurityGroups/mytg-nsg",
            "location": "centralindia",
            "name": "mytg-nsg",
            "resource_group_name": "mytg-rg",
            "security_rule": [
              {
                "access": "Allow",
                "description": "",
                "destination_address_prefix": "*",
                "destination_address_prefixes": [],
                "destination_application_security_group_ids": [],
                "destination_port_range": "80",
                "destination_port_ranges": [],
                "direction": "Inbound",
                "name": "Allow_HTTP",
                "priority": 100,
                "protocol": "Tcp",
                "source_address_prefix": "*",
                "source_address_prefixes": [],
                "source_application_security_group_ids": [],
                "source_port_range": "*",
                "source_port_ranges": []
              }
            ],
            "tags": {
              "environment": "Production"
            },
            "timeouts": null
          },
          "sensitive_attributes": [],
          "private": "eyJlMmJmYjczMC1lY2FhLTExZTYtOGY4OC0zNDM2M2JjN2M0YzAiOnsiY3JlYXRlIjoxODAwMDAwMDAwMDAwLCJkZWxldGUiOjE4MDAwMDAwMDAwMDAsInJlYWQiOjMwMDAwMDAwMDAwMCwidXBkYXRlIjoxODAwMDAwMDAwMDAwfX0=",
          "dependencies": [
            "azurerm_resource_group.demo"
          ]
        }
      ]
    },
    {
      "mode": "managed",
      "type": "azurerm_resource_group",
      "name": "demo",
      "provider": "provider[\"registry.terraform.io/hashicorp/azurerm\"]",
      "instances": [
        {
          "schema_version": 0,
          "attributes": {
            "id": "/subscriptions/100a15ea-111a-4746-8e16-6d9f867f0ba1/resourceGroups/mytg-rg",
            "location": "centralindia",
            "name": "mytg-rg",
            "tags": {
              "terraform": "terraform"
            },
            "timeouts": null
          },
          "sensitive_attributes": [],
          "private": "eyJlMmJmYjczMC1lY2FhLTExZTYtOGY4OC0zNDM2M2JjN2M0YzAiOnsiY3JlYXRlIjo1NDAwMDAwMDAwMDAwLCJkZWxldGUiOjU0MDAwMDAwMDAwMDAsInJlYWQiOjMwMDAwMDAwMDAwMCwidXBkYXRlIjo1NDAwMDAwMDAwMDAwfX0="
        }
      ]
    },
    {
      "mode": "managed",
      "type": "azurerm_storage_account",
      "name": "example",
      "provider": "provider[\"registry.terraform.io/hashicorp/azurerm\"]",
      "instances": [
        {
          "schema_version": 2,
          "attributes": {
            "access_tier": "Hot",
            "account_kind": "StorageV2",
            "account_replication_type": "LRS",
            "account_tier": "Standard",
            "allow_blob_public_access": false,
            "blob_properties": [],
            "custom_domain": [],
            "enable_https_traffic_only": true,
            "id": "/subscriptions/100a15ea-111a-4746-8e16-6d9f867f0ba1/resourceGroups/mytg-rg/providers/Microsoft.Storage/storageAccounts/myvenkystorage",
            "identity": [],
            "is_hns_enabled": true,
            "large_file_share_enabled": null,
            "location": "centralindia",
            "min_tls_version": "TLS1_0",
            "name": "myvenkystorage",
            "network_rules": [
              {
                "bypass": [
                  "AzureServices"
                ],
                "default_action": "Allow",
                "ip_rules": [],
                "virtual_network_subnet_ids": []
              }
            ],
            "primary_access_key": "lOY4Jcjd0IQw4SZZpFy2yBi7g07jWrb68vgNKc9tJxWCpvRANUu4vr223OVObKK/N5Jv5l+4dUr4+AStuxc2Qw==",
            "primary_blob_connection_string": "DefaultEndpointsProtocol=https;BlobEndpoint=https://myvenkystorage.blob.core.windows.net/;AccountName=myvenkystorage;AccountKey=lOY4Jcjd0IQw4SZZpFy2yBi7g07jWrb68vgNKc9tJxWCpvRANUu4vr223OVObKK/N5Jv5l+4dUr4+AStuxc2Qw==",
            "primary_blob_endpoint": "https://myvenkystorage.blob.core.windows.net/",
            "primary_blob_host": "myvenkystorage.blob.core.windows.net",
            "primary_connection_string": "DefaultEndpointsProtocol=https;AccountName=myvenkystorage;AccountKey=lOY4Jcjd0IQw4SZZpFy2yBi7g07jWrb68vgNKc9tJxWCpvRANUu4vr223OVObKK/N5Jv5l+4dUr4+AStuxc2Qw==;EndpointSuffix=core.windows.net",
            "primary_dfs_endpoint": "https://myvenkystorage.dfs.core.windows.net/",
            "primary_dfs_host": "myvenkystorage.dfs.core.windows.net",
            "primary_file_endpoint": "https://myvenkystorage.file.core.windows.net/",
            "primary_file_host": "myvenkystorage.file.core.windows.net",
            "primary_location": "centralindia",
            "primary_queue_endpoint": "https://myvenkystorage.queue.core.windows.net/",
            "primary_queue_host": "myvenkystorage.queue.core.windows.net",
            "primary_table_endpoint": "https://myvenkystorage.table.core.windows.net/",
            "primary_table_host": "myvenkystorage.table.core.windows.net",
            "primary_web_endpoint": "https://myvenkystorage.z29.web.core.windows.net/",
            "primary_web_host": "myvenkystorage.z29.web.core.windows.net",
            "queue_properties": [
              {
                "cors_rule": [],
                "hour_metrics": [
                  {
                    "enabled": true,
                    "include_apis": true,
                    "retention_policy_days": 7,
                    "version": "1.0"
                  }
                ],
                "logging": [
                  {
                    "delete": false,
                    "read": false,
                    "retention_policy_days": 0,
                    "version": "1.0",
                    "write": false
                  }
                ],
                "minute_metrics": [
                  {
                    "enabled": false,
                    "include_apis": false,
                    "retention_policy_days": 0,
                    "version": "1.0"
                  }
                ]
              }
            ],
            "resource_group_name": "mytg-rg",
            "secondary_access_key": "lyRKQ0yo+CcJzqh2rKYiW3yZTxsSyGCYw//OuAI3Ife30KTAJlTxcSzCb1LvDBIEylEMtRm0cTkT+AStsL76fg==",
            "secondary_blob_connection_string": "",
            "secondary_blob_endpoint": null,
            "secondary_blob_host": null,
            "secondary_connection_string": "DefaultEndpointsProtocol=https;AccountName=myvenkystorage;AccountKey=lyRKQ0yo+CcJzqh2rKYiW3yZTxsSyGCYw//OuAI3Ife30KTAJlTxcSzCb1LvDBIEylEMtRm0cTkT+AStsL76fg==;EndpointSuffix=core.windows.net",
            "secondary_dfs_endpoint": null,
            "secondary_dfs_host": null,
            "secondary_file_endpoint": null,
            "secondary_file_host": null,
            "secondary_location": "",
            "secondary_queue_endpoint": null,
            "secondary_queue_host": null,
            "secondary_table_endpoint": null,
            "secondary_table_host": null,
            "secondary_web_endpoint": null,
            "secondary_web_host": null,
            "static_website": [],
            "tags": {
              "environment": "Production"
            },
            "timeouts": null
          },
          "sensitive_attributes": [],
          "private": "eyJlMmJmYjczMC1lY2FhLTExZTYtOGY4OC0zNDM2M2JjN2M0YzAiOnsiY3JlYXRlIjozNjAwMDAwMDAwMDAwLCJkZWxldGUiOjM2MDAwMDAwMDAwMDAsInJlYWQiOjMwMDAwMDAwMDAwMCwidXBkYXRlIjozNjAwMDAwMDAwMDAwfSwic2NoZW1hX3ZlcnNpb24iOiIyIn0=",
          "dependencies": [
            "azurerm_resource_group.demo"
          ]
        }
      ]
    },
    {
      "mode": "managed",
      "type": "azurerm_subnet",
      "name": "example",
      "provider": "provider[\"registry.terraform.io/hashicorp/azurerm\"]",
      "instances": [
        {
          "schema_version": 0,
          "attributes": {
            "address_prefix": "10.0.1.0/24",
            "address_prefixes": [
              "10.0.1.0/24"
            ],
            "delegation": [],
            "enforce_private_link_endpoint_network_policies": false,
            "enforce_private_link_service_network_policies": false,
            "id": "/subscriptions/100a15ea-111a-4746-8e16-6d9f867f0ba1/resourceGroups/mytg-rg/providers/Microsoft.Network/virtualNetworks/mytg-vnet/subnets/mytg-subnet",
            "name": "mytg-subnet",
            "resource_group_name": "mytg-rg",
            "service_endpoint_policy_ids": [],
            "service_endpoints": [],
            "timeouts": null,
            "virtual_network_name": "mytg-vnet"
          },
          "sensitive_attributes": [],
          "private": "eyJlMmJmYjczMC1lY2FhLTExZTYtOGY4OC0zNDM2M2JjN2M0YzAiOnsiY3JlYXRlIjoxODAwMDAwMDAwMDAwLCJkZWxldGUiOjE4MDAwMDAwMDAwMDAsInJlYWQiOjMwMDAwMDAwMDAwMCwidXBkYXRlIjoxODAwMDAwMDAwMDAwfX0=",
          "dependencies": [
            "azurerm_resource_group.demo",
            "azurerm_virtual_network.example"
          ]
        }
      ]
    },
    {
      "mode": "managed",
      "type": "azurerm_subnet_network_security_group_association",
      "name": "example",
      "provider": "provider[\"registry.terraform.io/hashicorp/azurerm\"]",
      "instances": [
        {
          "schema_version": 0,
          "attributes": {
            "id": "/subscriptions/100a15ea-111a-4746-8e16-6d9f867f0ba1/resourceGroups/mytg-rg/providers/Microsoft.Network/virtualNetworks/mytg-vnet/subnets/mytg-subnet",
            "network_security_group_id": "/subscriptions/100a15ea-111a-4746-8e16-6d9f867f0ba1/resourceGroups/mytg-rg/providers/Microsoft.Network/networkSecurityGroups/mytg-nsg",
            "subnet_id": "/subscriptions/100a15ea-111a-4746-8e16-6d9f867f0ba1/resourceGroups/mytg-rg/providers/Microsoft.Network/virtualNetworks/mytg-vnet/subnets/mytg-subnet",
            "timeouts": null
          },
          "sensitive_attributes": [],
          "private": "eyJlMmJmYjczMC1lY2FhLTExZTYtOGY4OC0zNDM2M2JjN2M0YzAiOnsiY3JlYXRlIjoxODAwMDAwMDAwMDAwLCJkZWxldGUiOjE4MDAwMDAwMDAwMDAsInJlYWQiOjMwMDAwMDAwMDAwMCwidXBkYXRlIjoxODAwMDAwMDAwMDAwfX0=",
          "dependencies": [
            "azurerm_network_security_group.example",
            "azurerm_resource_group.demo",
            "azurerm_subnet.example",
            "azurerm_virtual_network.example"
          ]
        }
      ]
    },
    {
      "mode": "managed",
      "type": "azurerm_virtual_network",
      "name": "example",
      "provider": "provider[\"registry.terraform.io/hashicorp/azurerm\"]",
      "instances": [
        {
          "schema_version": 0,
          "attributes": {
            "address_space": [
              "10.0.0.0/16"
            ],
            "bgp_community": "",
            "ddos_protection_plan": [],
            "dns_servers": [],
            "guid": "4d1e4081-2bf4-4420-b303-237da8749d3d",
            "id": "/subscriptions/100a15ea-111a-4746-8e16-6d9f867f0ba1/resourceGroups/mytg-rg/providers/Microsoft.Network/virtualNetworks/mytg-vnet",
            "location": "centralindia",
            "name": "mytg-vnet",
            "resource_group_name": "mytg-rg",
            "subnet": [
              {
                "address_prefix": "10.0.1.0/24",
                "id": "/subscriptions/100a15ea-111a-4746-8e16-6d9f867f0ba1/resourceGroups/mytg-rg/providers/Microsoft.Network/virtualNetworks/mytg-vnet/subnets/mytg-subnet",
                "name": "mytg-subnet",
                "security_group": "/subscriptions/100a15ea-111a-4746-8e16-6d9f867f0ba1/resourceGroups/mytg-rg/providers/Microsoft.Network/networkSecurityGroups/mytg-nsg"
              }
            ],
            "tags": {
              "terraform": "terraform"
            },
            "timeouts": null,
            "vm_protection_enabled": false
          },
          "sensitive_attributes": [],
          "private": "eyJlMmJmYjczMC1lY2FhLTExZTYtOGY4OC0zNDM2M2JjN2M0YzAiOnsiY3JlYXRlIjoxODAwMDAwMDAwMDAwLCJkZWxldGUiOjE4MDAwMDAwMDAwMDAsInJlYWQiOjMwMDAwMDAwMDAwMCwidXBkYXRlIjoxODAwMDAwMDAwMDAwfX0=",
          "dependencies": [
            "azurerm_resource_group.demo"
          ]
        }
      ]
    }
  ],
  "check_results": null
}
